
Microsoft Visual Studio Solution File, Format Version 12.00
# Visual Studio 2012
Project("{FAE04EC0-301F-11D3-BF4B-00C04F79EFBC}") = "Jucardi.Inject", "jucardi.inject\jucardi.inject.csproj", "{4E11A4C9-5799-4387-ADB8-1368A841D9DA}"
EndProject
Project("{FAE04EC0-301F-11D3-BF4B-00C04F79EFBC}") = "Jucardi.Inject.Test", "jucardi.inject.test\jucardi.inject.test.csproj", "{1451C541-680E-4FDF-987E-2B81445C95BD}"
EndProject
Global
	GlobalSection(SolutionConfigurationPlatforms) = preSolution
		Debug|Any CPU = Debug|Any CPU
		Release|Any CPU = Release|Any CPU
	EndGlobalSection
	GlobalSection(ProjectConfigurationPlatforms) = postSolution
		{4E11A4C9-5799-4387-ADB8-1368A841D9DA}.Debug|Any CPU.ActiveCfg = Debug|Any CPU
		{4E11A4C9-5799-4387-ADB8-1368A841D9DA}.Debug|Any CPU.Build.0 = Debug|Any CPU
		{4E11A4C9-5799-4387-ADB8-1368A841D9DA}.Release|Any CPU.ActiveCfg = Release|Any CPU
		{4E11A4C9-5799-4387-ADB8-1368A841D9DA}.Release|Any CPU.Build.0 = Release|Any CPU
		{1451C541-680E-4FDF-987E-2B81445C95BD}.Debug|Any CPU.ActiveCfg = Debug|Any CPU
		{1451C541-680E-4FDF-987E-2B81445C95BD}.Debug|Any CPU.Build.0 = Debug|Any CPU
		{1451C541-680E-4FDF-987E-2B81445C95BD}.Release|Any CPU.ActiveCfg = Release|Any CPU
		{1451C541-680E-4FDF-987E-2B81445C95BD}.Release|Any CPU.Build.0 = Release|Any CPU
	EndGlobalSection
EndGlobal
