
Microsoft Visual Studio Solution File, Format Version 15.00
# Visual Studio 2017
Project("{FAE04EC0-301F-11D3-BF4B-00C04F79EFBC}") = "jucardi.inject", "jucardi.inject.csproj", "{30BF48F9-C396-472E-B4D1-942B425FED53}"
EndProject
Global
	GlobalSection(SolutionConfigurationPlatforms) = preSolution
		Debug|Any CPU = Debug|Any CPU
		Release|Any CPU = Release|Any CPU
	EndGlobalSection
	GlobalSection(ProjectConfigurationPlatforms) = postSolution
		{30BF48F9-C396-472E-B4D1-942B425FED53}.Debug|Any CPU.ActiveCfg = Debug|Any CPU
		{30BF48F9-C396-472E-B4D1-942B425FED53}.Debug|Any CPU.Build.0 = Debug|Any CPU
		{30BF48F9-C396-472E-B4D1-942B425FED53}.Release|Any CPU.ActiveCfg = Release|Any CPU
		{30BF48F9-C396-472E-B4D1-942B425FED53}.Release|Any CPU.Build.0 = Release|Any CPU
	EndGlobalSection
EndGlobal
